
Microsoft Visual Studio Solution File, Format Version 12.00
# Visual Studio Version 17
VisualStudioVersion = 17.14.36623.8
MinimumVisualStudioVersion = 10.0.40219.1
Project("{FAE04EC0-301F-11D3-BF4B-00C04F79EFBC}") = "SpendWise.API", "SpendWise.API\SpendWise.API.csproj", "{BBC3A30A-DF88-4E74-A9B5-4C1C0A0C6801}"
EndProject
Project("{FAE04EC0-301F-11D3-BF4B-00C04F79EFBC}") = "SpendWise.Tests", "SpendWise.Tests\SpendWise.Tests.csproj", "{2C1441FD-F3F6-472A-AF6B-D6B27079E32D}"
EndProject
Global
	GlobalSection(SolutionConfigurationPlatforms) = preSolution
		Debug|Any CPU = Debug|Any CPU
		Debug|x64 = Debug|x64
		Debug|x86 = Debug|x86
		Release|Any CPU = Release|Any CPU
		Release|x64 = Release|x64
		Release|x86 = Release|x86
	EndGlobalSection
	GlobalSection(ProjectConfigurationPlatforms) = postSolution
		{BBC3A30A-DF88-4E74-A9B5-4C1C0A0C6801}.Debug|Any CPU.ActiveCfg = Debug|Any CPU
		{BBC3A30A-DF88-4E74-A9B5-4C1C0A0C6801}.Debug|Any CPU.Build.0 = Debug|Any CPU
		{BBC3A30A-DF88-4E74-A9B5-4C1C0A0C6801}.Debug|x64.ActiveCfg = Debug|Any CPU
		{BBC3A30A-DF88-4E74-A9B5-4C1C0A0C6801}.Debug|x64.Build.0 = Debug|Any CPU
		{BBC3A30A-DF88-4E74-A9B5-4C1C0A0C6801}.Debug|x86.ActiveCfg = Debug|Any CPU
		{BBC3A30A-DF88-4E74-A9B5-4C1C0A0C6801}.Debug|x86.Build.0 = Debug|Any CPU
		{BBC3A30A-DF88-4E74-A9B5-4C1C0A0C6801}.Release|Any CPU.ActiveCfg = Release|Any CPU
		{BBC3A30A-DF88-4E74-A9B5-4C1C0A0C6801}.Release|Any CPU.Build.0 = Release|Any CPU
		{BBC3A30A-DF88-4E74-A9B5-4C1C0A0C6801}.Release|x64.ActiveCfg = Release|Any CPU
		{BBC3A30A-DF88-4E74-A9B5-4C1C0A0C6801}.Release|x64.Build.0 = Release|Any CPU
		{BBC3A30A-DF88-4E74-A9B5-4C1C0A0C6801}.Release|x86.ActiveCfg = Release|Any CPU
		{BBC3A30A-DF88-4E74-A9B5-4C1C0A0C6801}.Release|x86.Build.0 = Release|Any CPU
		{2C1441FD-F3F6-472A-AF6B-D6B27079E32D}.Debug|Any CPU.ActiveCfg = Debug|Any CPU
		{2C1441FD-F3F6-472A-AF6B-D6B27079E32D}.Debug|Any CPU.Build.0 = Debug|Any CPU
		{2C1441FD-F3F6-472A-AF6B-D6B27079E32D}.Debug|x64.ActiveCfg = Debug|Any CPU
		{2C1441FD-F3F6-472A-AF6B-D6B27079E32D}.Debug|x64.Build.0 = Debug|Any CPU
		{2C1441FD-F3F6-472A-AF6B-D6B27079E32D}.Debug|x86.ActiveCfg = Debug|Any CPU
		{2C1441FD-F3F6-472A-AF6B-D6B27079E32D}.Debug|x86.Build.0 = Debug|Any CPU
		{2C1441FD-F3F6-472A-AF6B-D6B27079E32D}.Release|Any CPU.ActiveCfg = Release|Any CPU
		{2C1441FD-F3F6-472A-AF6B-D6B27079E32D}.Release|Any CPU.Build.0 = Release|Any CPU
		{2C1441FD-F3F6-472A-AF6B-D6B27079E32D}.Release|x64.ActiveCfg = Release|Any CPU
		{2C1441FD-F3F6-472A-AF6B-D6B27079E32D}.Release|x64.Build.0 = Release|Any CPU
		{2C1441FD-F3F6-472A-AF6B-D6B27079E32D}.Release|x86.ActiveCfg = Release|Any CPU
		{2C1441FD-F3F6-472A-AF6B-D6B27079E32D}.Release|x86.Build.0 = Release|Any CPU
	EndGlobalSection
	GlobalSection(SolutionProperties) = preSolution
		HideSolutionNode = FALSE
	EndGlobalSection
	GlobalSection(ExtensibilityGlobals) = postSolution
		SolutionGuid = {800D29E8-6611-46C5-999E-CA0ECC9DFE1C}
	EndGlobalSection
EndGlobal
